
Microsoft Visual Studio Solution File, Format Version 12.00
# Visual Studio 14
VisualStudioVersion = 14.0.25123.0
MinimumVisualStudioVersion = 10.0.40219.1
Project("{FAE04EC0-301F-11D3-BF4B-00C04F79EFBC}") = "MeazonIzy.Droid", "MeazonIzy\MeazonIzy.Droid\MeazonIzy.Droid.csproj", "{866754A1-FE65-463B-88DA-A3DBF7883980}"
EndProject
Project("{FAE04EC0-301F-11D3-BF4B-00C04F79EFBC}") = "MeazonIzy.iOS", "MeazonIzy\MeazonIzy.iOS\MeazonIzy.iOS.csproj", "{BECACA92-C2BA-462D-8803-3834766C45EB}"
EndProject
Project("{FAE04EC0-301F-11D3-BF4B-00C04F79EFBC}") = "MeazonIzy.WinPhone", "MeazonIzy\MeazonIzy.WinPhone\MeazonIzy.WinPhone.csproj", "{D6AA4330-2917-4213-AE2F-07BA7253D691}"
EndProject
Project("{FAE04EC0-301F-11D3-BF4B-00C04F79EFBC}") = "MeazonIzy.UWP", "MeazonIzy\MeazonIzy.UWP\MeazonIzy.UWP.csproj", "{CE33645C-5E3A-454F-B64E-DB6B2A847281}"
EndProject
Project("{FAE04EC0-301F-11D3-BF4B-00C04F79EFBC}") = "MeazonIzy.Windows", "MeazonIzy\MeazonIzy.Windows\MeazonIzy.Windows.csproj", "{3FF1213B-154B-489D-9534-AD3BF13832D2}"
EndProject
Project("{FAE04EC0-301F-11D3-BF4B-00C04F79EFBC}") = "MeazonIzy", "MeazonIzy\MeazonIzy\MeazonIzy.csproj", "{0B5754EA-42F9-489B-B8F9-D224A0A7C477}"
EndProject
Global
	GlobalSection(SolutionConfigurationPlatforms) = preSolution
		Ad-Hoc|Any CPU = Ad-Hoc|Any CPU
		Ad-Hoc|ARM = Ad-Hoc|ARM
		Ad-Hoc|iPhone = Ad-Hoc|iPhone
		Ad-Hoc|iPhoneSimulator = Ad-Hoc|iPhoneSimulator
		Ad-Hoc|x64 = Ad-Hoc|x64
		Ad-Hoc|x86 = Ad-Hoc|x86
		AppStore|Any CPU = AppStore|Any CPU
		AppStore|ARM = AppStore|ARM
		AppStore|iPhone = AppStore|iPhone
		AppStore|iPhoneSimulator = AppStore|iPhoneSimulator
		AppStore|x64 = AppStore|x64
		AppStore|x86 = AppStore|x86
		Debug|Any CPU = Debug|Any CPU
		Debug|ARM = Debug|ARM
		Debug|iPhone = Debug|iPhone
		Debug|iPhoneSimulator = Debug|iPhoneSimulator
		Debug|x64 = Debug|x64
		Debug|x86 = Debug|x86
		Release|Any CPU = Release|Any CPU
		Release|ARM = Release|ARM
		Release|iPhone = Release|iPhone
		Release|iPhoneSimulator = Release|iPhoneSimulator
		Release|x64 = Release|x64
		Release|x86 = Release|x86
	EndGlobalSection
	GlobalSection(ProjectConfigurationPlatforms) = postSolution
		{866754A1-FE65-463B-88DA-A3DBF7883980}.Ad-Hoc|Any CPU.ActiveCfg = Release|Any CPU
		{866754A1-FE65-463B-88DA-A3DBF7883980}.Ad-Hoc|Any CPU.Build.0 = Release|Any CPU
		{866754A1-FE65-463B-88DA-A3DBF7883980}.Ad-Hoc|Any CPU.Deploy.0 = Release|Any CPU
		{866754A1-FE65-463B-88DA-A3DBF7883980}.Ad-Hoc|ARM.ActiveCfg = Release|Any CPU
		{866754A1-FE65-463B-88DA-A3DBF7883980}.Ad-Hoc|ARM.Build.0 = Release|Any CPU
		{866754A1-FE65-463B-88DA-A3DBF7883980}.Ad-Hoc|ARM.Deploy.0 = Release|Any CPU
		{866754A1-FE65-463B-88DA-A3DBF7883980}.Ad-Hoc|iPhone.ActiveCfg = Release|Any CPU
		{866754A1-FE65-463B-88DA-A3DBF7883980}.Ad-Hoc|iPhone.Build.0 = Release|Any CPU
		{866754A1-FE65-463B-88DA-A3DBF7883980}.Ad-Hoc|iPhone.Deploy.0 = Release|Any CPU
		{866754A1-FE65-463B-88DA-A3DBF7883980}.Ad-Hoc|iPhoneSimulator.ActiveCfg = Release|Any CPU
		{866754A1-FE65-463B-88DA-A3DBF7883980}.Ad-Hoc|iPhoneSimulator.Build.0 = Release|Any CPU
		{866754A1-FE65-463B-88DA-A3DBF7883980}.Ad-Hoc|iPhoneSimulator.Deploy.0 = Release|Any CPU
		{866754A1-FE65-463B-88DA-A3DBF7883980}.Ad-Hoc|x64.ActiveCfg = Release|Any CPU
		{866754A1-FE65-463B-88DA-A3DBF7883980}.Ad-Hoc|x64.Build.0 = Release|Any CPU
		{866754A1-FE65-463B-88DA-A3DBF7883980}.Ad-Hoc|x64.Deploy.0 = Release|Any CPU
		{866754A1-FE65-463B-88DA-A3DBF7883980}.Ad-Hoc|x86.ActiveCfg = Release|Any CPU
		{866754A1-FE65-463B-88DA-A3DBF7883980}.Ad-Hoc|x86.Build.0 = Release|Any CPU
		{866754A1-FE65-463B-88DA-A3DBF7883980}.Ad-Hoc|x86.Deploy.0 = Release|Any CPU
		{866754A1-FE65-463B-88DA-A3DBF7883980}.AppStore|Any CPU.ActiveCfg = Release|Any CPU
		{866754A1-FE65-463B-88DA-A3DBF7883980}.AppStore|Any CPU.Build.0 = Release|Any CPU
		{866754A1-FE65-463B-88DA-A3DBF7883980}.AppStore|Any CPU.Deploy.0 = Release|Any CPU
		{866754A1-FE65-463B-88DA-A3DBF7883980}.AppStore|ARM.ActiveCfg = Release|Any CPU
		{866754A1-FE65-463B-88DA-A3DBF7883980}.AppStore|ARM.Build.0 = Release|Any CPU
		{866754A1-FE65-463B-88DA-A3DBF7883980}.AppStore|ARM.Deploy.0 = Release|Any CPU
		{866754A1-FE65-463B-88DA-A3DBF7883980}.AppStore|iPhone.ActiveCfg = Release|Any CPU
		{866754A1-FE65-463B-88DA-A3DBF7883980}.AppStore|iPhone.Build.0 = Release|Any CPU
		{866754A1-FE65-463B-88DA-A3DBF7883980}.AppStore|iPhone.Deploy.0 = Release|Any CPU
		{866754A1-FE65-463B-88DA-A3DBF7883980}.AppStore|iPhoneSimulator.ActiveCfg = Release|Any CPU
		{866754A1-FE65-463B-88DA-A3DBF7883980}.AppStore|iPhoneSimulator.Build.0 = Release|Any CPU
		{866754A1-FE65-463B-88DA-A3DBF7883980}.AppStore|iPhoneSimulator.Deploy.0 = Release|Any CPU
		{866754A1-FE65-463B-88DA-A3DBF7883980}.AppStore|x64.ActiveCfg = Release|Any CPU
		{866754A1-FE65-463B-88DA-A3DBF7883980}.AppStore|x64.Build.0 = Release|Any CPU
		{866754A1-FE65-463B-88DA-A3DBF7883980}.AppStore|x64.Deploy.0 = Release|Any CPU
		{866754A1-FE65-463B-88DA-A3DBF7883980}.AppStore|x86.ActiveCfg = Release|Any CPU
		{866754A1-FE65-463B-88DA-A3DBF7883980}.AppStore|x86.Build.0 = Release|Any CPU
		{866754A1-FE65-463B-88DA-A3DBF7883980}.AppStore|x86.Deploy.0 = Release|Any CPU
		{866754A1-FE65-463B-88DA-A3DBF7883980}.Debug|Any CPU.ActiveCfg = Debug|Any CPU
		{866754A1-FE65-463B-88DA-A3DBF7883980}.Debug|Any CPU.Build.0 = Debug|Any CPU
		{866754A1-FE65-463B-88DA-A3DBF7883980}.Debug|Any CPU.Deploy.0 = Debug|Any CPU
		{866754A1-FE65-463B-88DA-A3DBF7883980}.Debug|ARM.ActiveCfg = Debug|Any CPU
		{866754A1-FE65-463B-88DA-A3DBF7883980}.Debug|ARM.Build.0 = Debug|Any CPU
		{866754A1-FE65-463B-88DA-A3DBF7883980}.Debug|ARM.Deploy.0 = Debug|Any CPU
		{866754A1-FE65-463B-88DA-A3DBF7883980}.Debug|iPhone.ActiveCfg = Debug|Any CPU
		{866754A1-FE65-463B-88DA-A3DBF7883980}.Debug|iPhone.Build.0 = Debug|Any CPU
		{866754A1-FE65-463B-88DA-A3DBF7883980}.Debug|iPhone.Deploy.0 = Debug|Any CPU
		{866754A1-FE65-463B-88DA-A3DBF7883980}.Debug|iPhoneSimulator.ActiveCfg = Debug|Any CPU
		{866754A1-FE65-463B-88DA-A3DBF7883980}.Debug|iPhoneSimulator.Build.0 = Debug|Any CPU
		{866754A1-FE65-463B-88DA-A3DBF7883980}.Debug|iPhoneSimulator.Deploy.0 = Debug|Any CPU
		{866754A1-FE65-463B-88DA-A3DBF7883980}.Debug|x64.ActiveCfg = Debug|Any CPU
		{866754A1-FE65-463B-88DA-A3DBF7883980}.Debug|x64.Build.0 = Debug|Any CPU
		{866754A1-FE65-463B-88DA-A3DBF7883980}.Debug|x64.Deploy.0 = Debug|Any CPU
		{866754A1-FE65-463B-88DA-A3DBF7883980}.Debug|x86.ActiveCfg = Debug|Any CPU
		{866754A1-FE65-463B-88DA-A3DBF7883980}.Debug|x86.Build.0 = Debug|Any CPU
		{866754A1-FE65-463B-88DA-A3DBF7883980}.Debug|x86.Deploy.0 = Debug|Any CPU
		{866754A1-FE65-463B-88DA-A3DBF7883980}.Release|Any CPU.ActiveCfg = Release|Any CPU
		{866754A1-FE65-463B-88DA-A3DBF7883980}.Release|Any CPU.Build.0 = Release|Any CPU
		{866754A1-FE65-463B-88DA-A3DBF7883980}.Release|Any CPU.Deploy.0 = Release|Any CPU
		{866754A1-FE65-463B-88DA-A3DBF7883980}.Release|ARM.ActiveCfg = Release|Any CPU
		{866754A1-FE65-463B-88DA-A3DBF7883980}.Release|ARM.Build.0 = Release|Any CPU
		{866754A1-FE65-463B-88DA-A3DBF7883980}.Release|ARM.Deploy.0 = Release|Any CPU
		{866754A1-FE65-463B-88DA-A3DBF7883980}.Release|iPhone.ActiveCfg = Release|Any CPU
		{866754A1-FE65-463B-88DA-A3DBF7883980}.Release|iPhone.Build.0 = Release|Any CPU
		{866754A1-FE65-463B-88DA-A3DBF7883980}.Release|iPhone.Deploy.0 = Release|Any CPU
		{866754A1-FE65-463B-88DA-A3DBF7883980}.Release|iPhoneSimulator.ActiveCfg = Release|Any CPU
		{866754A1-FE65-463B-88DA-A3DBF7883980}.Release|iPhoneSimulator.Build.0 = Release|Any CPU
		{866754A1-FE65-463B-88DA-A3DBF7883980}.Release|iPhoneSimulator.Deploy.0 = Release|Any CPU
		{866754A1-FE65-463B-88DA-A3DBF7883980}.Release|x64.ActiveCfg = Release|Any CPU
		{866754A1-FE65-463B-88DA-A3DBF7883980}.Release|x64.Build.0 = Release|Any CPU
		{866754A1-FE65-463B-88DA-A3DBF7883980}.Release|x64.Deploy.0 = Release|Any CPU
		{866754A1-FE65-463B-88DA-A3DBF7883980}.Release|x86.ActiveCfg = Release|Any CPU
		{866754A1-FE65-463B-88DA-A3DBF7883980}.Release|x86.Build.0 = Release|Any CPU
		{866754A1-FE65-463B-88DA-A3DBF7883980}.Release|x86.Deploy.0 = Release|Any CPU
		{BECACA92-C2BA-462D-8803-3834766C45EB}.Ad-Hoc|Any CPU.ActiveCfg = Ad-Hoc|iPhone
		{BECACA92-C2BA-462D-8803-3834766C45EB}.Ad-Hoc|ARM.ActiveCfg = Ad-Hoc|iPhone
		{BECACA92-C2BA-462D-8803-3834766C45EB}.Ad-Hoc|iPhone.ActiveCfg = Ad-Hoc|iPhone
		{BECACA92-C2BA-462D-8803-3834766C45EB}.Ad-Hoc|iPhone.Build.0 = Ad-Hoc|iPhone
		{BECACA92-C2BA-462D-8803-3834766C45EB}.Ad-Hoc|iPhoneSimulator.ActiveCfg = Ad-Hoc|iPhoneSimulator
		{BECACA92-C2BA-462D-8803-3834766C45EB}.Ad-Hoc|iPhoneSimulator.Build.0 = Ad-Hoc|iPhoneSimulator
		{BECACA92-C2BA-462D-8803-3834766C45EB}.Ad-Hoc|x64.ActiveCfg = Ad-Hoc|iPhone
		{BECACA92-C2BA-462D-8803-3834766C45EB}.Ad-Hoc|x86.ActiveCfg = Ad-Hoc|iPhone
		{BECACA92-C2BA-462D-8803-3834766C45EB}.AppStore|Any CPU.ActiveCfg = AppStore|iPhone
		{BECACA92-C2BA-462D-8803-3834766C45EB}.AppStore|ARM.ActiveCfg = AppStore|iPhone
		{BECACA92-C2BA-462D-8803-3834766C45EB}.AppStore|iPhone.ActiveCfg = AppStore|iPhone
		{BECACA92-C2BA-462D-8803-3834766C45EB}.AppStore|iPhone.Build.0 = AppStore|iPhone
		{BECACA92-C2BA-462D-8803-3834766C45EB}.AppStore|iPhoneSimulator.ActiveCfg = AppStore|iPhoneSimulator
		{BECACA92-C2BA-462D-8803-3834766C45EB}.AppStore|iPhoneSimulator.Build.0 = AppStore|iPhoneSimulator
		{BECACA92-C2BA-462D-8803-3834766C45EB}.AppStore|x64.ActiveCfg = AppStore|iPhone
		{BECACA92-C2BA-462D-8803-3834766C45EB}.AppStore|x86.ActiveCfg = AppStore|iPhone
		{BECACA92-C2BA-462D-8803-3834766C45EB}.Debug|Any CPU.ActiveCfg = Debug|iPhone
		{BECACA92-C2BA-462D-8803-3834766C45EB}.Debug|ARM.ActiveCfg = Debug|iPhone
		{BECACA92-C2BA-462D-8803-3834766C45EB}.Debug|iPhone.ActiveCfg = Debug|iPhone
		{BECACA92-C2BA-462D-8803-3834766C45EB}.Debug|iPhone.Build.0 = Debug|iPhone
		{BECACA92-C2BA-462D-8803-3834766C45EB}.Debug|iPhoneSimulator.ActiveCfg = Debug|iPhoneSimulator
		{BECACA92-C2BA-462D-8803-3834766C45EB}.Debug|iPhoneSimulator.Build.0 = Debug|iPhoneSimulator
		{BECACA92-C2BA-462D-8803-3834766C45EB}.Debug|x64.ActiveCfg = Debug|iPhone
		{BECACA92-C2BA-462D-8803-3834766C45EB}.Debug|x86.ActiveCfg = Debug|iPhone
		{BECACA92-C2BA-462D-8803-3834766C45EB}.Release|Any CPU.ActiveCfg = Release|iPhone
		{BECACA92-C2BA-462D-8803-3834766C45EB}.Release|ARM.ActiveCfg = Release|iPhone
		{BECACA92-C2BA-462D-8803-3834766C45EB}.Release|iPhone.ActiveCfg = Release|iPhone
		{BECACA92-C2BA-462D-8803-3834766C45EB}.Release|iPhone.Build.0 = Release|iPhone
		{BECACA92-C2BA-462D-8803-3834766C45EB}.Release|iPhoneSimulator.ActiveCfg = Release|iPhoneSimulator
		{BECACA92-C2BA-462D-8803-3834766C45EB}.Release|iPhoneSimulator.Build.0 = Release|iPhoneSimulator
		{BECACA92-C2BA-462D-8803-3834766C45EB}.Release|x64.ActiveCfg = Release|iPhone
		{BECACA92-C2BA-462D-8803-3834766C45EB}.Release|x86.ActiveCfg = Release|iPhone
		{D6AA4330-2917-4213-AE2F-07BA7253D691}.Ad-Hoc|Any CPU.ActiveCfg = Release|Any CPU
		{D6AA4330-2917-4213-AE2F-07BA7253D691}.Ad-Hoc|Any CPU.Build.0 = Release|Any CPU
		{D6AA4330-2917-4213-AE2F-07BA7253D691}.Ad-Hoc|Any CPU.Deploy.0 = Release|Any CPU
		{D6AA4330-2917-4213-AE2F-07BA7253D691}.Ad-Hoc|ARM.ActiveCfg = Release|ARM
		{D6AA4330-2917-4213-AE2F-07BA7253D691}.Ad-Hoc|ARM.Build.0 = Release|ARM
		{D6AA4330-2917-4213-AE2F-07BA7253D691}.Ad-Hoc|ARM.Deploy.0 = Release|ARM
		{D6AA4330-2917-4213-AE2F-07BA7253D691}.Ad-Hoc|iPhone.ActiveCfg = Release|Any CPU
		{D6AA4330-2917-4213-AE2F-07BA7253D691}.Ad-Hoc|iPhone.Build.0 = Release|Any CPU
		{D6AA4330-2917-4213-AE2F-07BA7253D691}.Ad-Hoc|iPhone.Deploy.0 = Release|Any CPU
		{D6AA4330-2917-4213-AE2F-07BA7253D691}.Ad-Hoc|iPhoneSimulator.ActiveCfg = Release|Any CPU
		{D6AA4330-2917-4213-AE2F-07BA7253D691}.Ad-Hoc|iPhoneSimulator.Build.0 = Release|Any CPU
		{D6AA4330-2917-4213-AE2F-07BA7253D691}.Ad-Hoc|iPhoneSimulator.Deploy.0 = Release|Any CPU
		{D6AA4330-2917-4213-AE2F-07BA7253D691}.Ad-Hoc|x64.ActiveCfg = Release|Any CPU
		{D6AA4330-2917-4213-AE2F-07BA7253D691}.Ad-Hoc|x64.Build.0 = Release|Any CPU
		{D6AA4330-2917-4213-AE2F-07BA7253D691}.Ad-Hoc|x64.Deploy.0 = Release|Any CPU
		{D6AA4330-2917-4213-AE2F-07BA7253D691}.Ad-Hoc|x86.ActiveCfg = Release|x86
		{D6AA4330-2917-4213-AE2F-07BA7253D691}.Ad-Hoc|x86.Build.0 = Release|x86
		{D6AA4330-2917-4213-AE2F-07BA7253D691}.Ad-Hoc|x86.Deploy.0 = Release|x86
		{D6AA4330-2917-4213-AE2F-07BA7253D691}.AppStore|Any CPU.ActiveCfg = Release|Any CPU
		{D6AA4330-2917-4213-AE2F-07BA7253D691}.AppStore|Any CPU.Build.0 = Release|Any CPU
		{D6AA4330-2917-4213-AE2F-07BA7253D691}.AppStore|Any CPU.Deploy.0 = Release|Any CPU
		{D6AA4330-2917-4213-AE2F-07BA7253D691}.AppStore|ARM.ActiveCfg = Release|ARM
		{D6AA4330-2917-4213-AE2F-07BA7253D691}.AppStore|ARM.Build.0 = Release|ARM
		{D6AA4330-2917-4213-AE2F-07BA7253D691}.AppStore|ARM.Deploy.0 = Release|ARM
		{D6AA4330-2917-4213-AE2F-07BA7253D691}.AppStore|iPhone.ActiveCfg = Release|Any CPU
		{D6AA4330-2917-4213-AE2F-07BA7253D691}.AppStore|iPhone.Build.0 = Release|Any CPU
		{D6AA4330-2917-4213-AE2F-07BA7253D691}.AppStore|iPhone.Deploy.0 = Release|Any CPU
		{D6AA4330-2917-4213-AE2F-07BA7253D691}.AppStore|iPhoneSimulator.ActiveCfg = Release|Any CPU
		{D6AA4330-2917-4213-AE2F-07BA7253D691}.AppStore|iPhoneSimulator.Build.0 = Release|Any CPU
		{D6AA4330-2917-4213-AE2F-07BA7253D691}.AppStore|iPhoneSimulator.Deploy.0 = Release|Any CPU
		{D6AA4330-2917-4213-AE2F-07BA7253D691}.AppStore|x64.ActiveCfg = Release|Any CPU
		{D6AA4330-2917-4213-AE2F-07BA7253D691}.AppStore|x64.Build.0 = Release|Any CPU
		{D6AA4330-2917-4213-AE2F-07BA7253D691}.AppStore|x64.Deploy.0 = Release|Any CPU
		{D6AA4330-2917-4213-AE2F-07BA7253D691}.AppStore|x86.ActiveCfg = Release|x86
		{D6AA4330-2917-4213-AE2F-07BA7253D691}.AppStore|x86.Build.0 = Release|x86
		{D6AA4330-2917-4213-AE2F-07BA7253D691}.AppStore|x86.Deploy.0 = Release|x86
		{D6AA4330-2917-4213-AE2F-07BA7253D691}.Debug|Any CPU.ActiveCfg = Debug|Any CPU
		{D6AA4330-2917-4213-AE2F-07BA7253D691}.Debug|Any CPU.Build.0 = Debug|Any CPU
		{D6AA4330-2917-4213-AE2F-07BA7253D691}.Debug|Any CPU.Deploy.0 = Debug|Any CPU
		{D6AA4330-2917-4213-AE2F-07BA7253D691}.Debug|ARM.ActiveCfg = Debug|ARM
		{D6AA4330-2917-4213-AE2F-07BA7253D691}.Debug|ARM.Build.0 = Debug|ARM
		{D6AA4330-2917-4213-AE2F-07BA7253D691}.Debug|ARM.Deploy.0 = Debug|ARM
		{D6AA4330-2917-4213-AE2F-07BA7253D691}.Debug|iPhone.ActiveCfg = Debug|Any CPU
		{D6AA4330-2917-4213-AE2F-07BA7253D691}.Debug|iPhone.Build.0 = Debug|Any CPU
		{D6AA4330-2917-4213-AE2F-07BA7253D691}.Debug|iPhone.Deploy.0 = Debug|Any CPU
		{D6AA4330-2917-4213-AE2F-07BA7253D691}.Debug|iPhoneSimulator.ActiveCfg = Debug|Any CPU
		{D6AA4330-2917-4213-AE2F-07BA7253D691}.Debug|iPhoneSimulator.Build.0 = Debug|Any CPU
		{D6AA4330-2917-4213-AE2F-07BA7253D691}.Debug|iPhoneSimulator.Deploy.0 = Debug|Any CPU
		{D6AA4330-2917-4213-AE2F-07BA7253D691}.Debug|x64.ActiveCfg = Debug|Any CPU
		{D6AA4330-2917-4213-AE2F-07BA7253D691}.Debug|x64.Build.0 = Debug|Any CPU
		{D6AA4330-2917-4213-AE2F-07BA7253D691}.Debug|x64.Deploy.0 = Debug|Any CPU
		{D6AA4330-2917-4213-AE2F-07BA7253D691}.Debug|x86.ActiveCfg = Debug|x86
		{D6AA4330-2917-4213-AE2F-07BA7253D691}.Debug|x86.Build.0 = Debug|x86
		{D6AA4330-2917-4213-AE2F-07BA7253D691}.Debug|x86.Deploy.0 = Debug|x86
		{D6AA4330-2917-4213-AE2F-07BA7253D691}.Release|Any CPU.ActiveCfg = Release|Any CPU
		{D6AA4330-2917-4213-AE2F-07BA7253D691}.Release|Any CPU.Build.0 = Release|Any CPU
		{D6AA4330-2917-4213-AE2F-07BA7253D691}.Release|Any CPU.Deploy.0 = Release|Any CPU
		{D6AA4330-2917-4213-AE2F-07BA7253D691}.Release|ARM.ActiveCfg = Release|ARM
		{D6AA4330-2917-4213-AE2F-07BA7253D691}.Release|ARM.Build.0 = Release|ARM
		{D6AA4330-2917-4213-AE2F-07BA7253D691}.Release|ARM.Deploy.0 = Release|ARM
		{D6AA4330-2917-4213-AE2F-07BA7253D691}.Release|iPhone.ActiveCfg = Release|Any CPU
		{D6AA4330-2917-4213-AE2F-07BA7253D691}.Release|iPhone.Build.0 = Release|Any CPU
		{D6AA4330-2917-4213-AE2F-07BA7253D691}.Release|iPhone.Deploy.0 = Release|Any CPU
		{D6AA4330-2917-4213-AE2F-07BA7253D691}.Release|iPhoneSimulator.ActiveCfg = Release|Any CPU
		{D6AA4330-2917-4213-AE2F-07BA7253D691}.Release|iPhoneSimulator.Build.0 = Release|Any CPU
		{D6AA4330-2917-4213-AE2F-07BA7253D691}.Release|iPhoneSimulator.Deploy.0 = Release|Any CPU
		{D6AA4330-2917-4213-AE2F-07BA7253D691}.Release|x64.ActiveCfg = Release|Any CPU
		{D6AA4330-2917-4213-AE2F-07BA7253D691}.Release|x64.Build.0 = Release|Any CPU
		{D6AA4330-2917-4213-AE2F-07BA7253D691}.Release|x64.Deploy.0 = Release|Any CPU
		{D6AA4330-2917-4213-AE2F-07BA7253D691}.Release|x86.ActiveCfg = Release|x86
		{D6AA4330-2917-4213-AE2F-07BA7253D691}.Release|x86.Build.0 = Release|x86
		{D6AA4330-2917-4213-AE2F-07BA7253D691}.Release|x86.Deploy.0 = Release|x86
		{CE33645C-5E3A-454F-B64E-DB6B2A847281}.Ad-Hoc|Any CPU.ActiveCfg = Release|x86
		{CE33645C-5E3A-454F-B64E-DB6B2A847281}.Ad-Hoc|Any CPU.Build.0 = Release|x86
		{CE33645C-5E3A-454F-B64E-DB6B2A847281}.Ad-Hoc|Any CPU.Deploy.0 = Release|x86
		{CE33645C-5E3A-454F-B64E-DB6B2A847281}.Ad-Hoc|ARM.ActiveCfg = Release|ARM
		{CE33645C-5E3A-454F-B64E-DB6B2A847281}.Ad-Hoc|ARM.Build.0 = Release|ARM
		{CE33645C-5E3A-454F-B64E-DB6B2A847281}.Ad-Hoc|ARM.Deploy.0 = Release|ARM
		{CE33645C-5E3A-454F-B64E-DB6B2A847281}.Ad-Hoc|iPhone.ActiveCfg = Release|x86
		{CE33645C-5E3A-454F-B64E-DB6B2A847281}.Ad-Hoc|iPhone.Build.0 = Release|x86
		{CE33645C-5E3A-454F-B64E-DB6B2A847281}.Ad-Hoc|iPhone.Deploy.0 = Release|x86
		{CE33645C-5E3A-454F-B64E-DB6B2A847281}.Ad-Hoc|iPhoneSimulator.ActiveCfg = Release|x86
		{CE33645C-5E3A-454F-B64E-DB6B2A847281}.Ad-Hoc|iPhoneSimulator.Build.0 = Release|x86
		{CE33645C-5E3A-454F-B64E-DB6B2A847281}.Ad-Hoc|iPhoneSimulator.Deploy.0 = Release|x86
		{CE33645C-5E3A-454F-B64E-DB6B2A847281}.Ad-Hoc|x64.ActiveCfg = Release|x64
		{CE33645C-5E3A-454F-B64E-DB6B2A847281}.Ad-Hoc|x64.Build.0 = Release|x64
		{CE33645C-5E3A-454F-B64E-DB6B2A847281}.Ad-Hoc|x64.Deploy.0 = Release|x64
		{CE33645C-5E3A-454F-B64E-DB6B2A847281}.Ad-Hoc|x86.ActiveCfg = Release|x86
		{CE33645C-5E3A-454F-B64E-DB6B2A847281}.Ad-Hoc|x86.Build.0 = Release|x86
		{CE33645C-5E3A-454F-B64E-DB6B2A847281}.Ad-Hoc|x86.Deploy.0 = Release|x86
		{CE33645C-5E3A-454F-B64E-DB6B2A847281}.AppStore|Any CPU.ActiveCfg = Release|x86
		{CE33645C-5E3A-454F-B64E-DB6B2A847281}.AppStore|Any CPU.Build.0 = Release|x86
		{CE33645C-5E3A-454F-B64E-DB6B2A847281}.AppStore|Any CPU.Deploy.0 = Release|x86
		{CE33645C-5E3A-454F-B64E-DB6B2A847281}.AppStore|ARM.ActiveCfg = Release|ARM
		{CE33645C-5E3A-454F-B64E-DB6B2A847281}.AppStore|ARM.Build.0 = Release|ARM
		{CE33645C-5E3A-454F-B64E-DB6B2A847281}.AppStore|ARM.Deploy.0 = Release|ARM
		{CE33645C-5E3A-454F-B64E-DB6B2A847281}.AppStore|iPhone.ActiveCfg = Release|x86
		{CE33645C-5E3A-454F-B64E-DB6B2A847281}.AppStore|iPhone.Build.0 = Release|x86
		{CE33645C-5E3A-454F-B64E-DB6B2A847281}.AppStore|iPhone.Deploy.0 = Release|x86
		{CE33645C-5E3A-454F-B64E-DB6B2A847281}.AppStore|iPhoneSimulator.ActiveCfg = Release|x86
		{CE33645C-5E3A-454F-B64E-DB6B2A847281}.AppStore|iPhoneSimulator.Build.0 = Release|x86
		{CE33645C-5E3A-454F-B64E-DB6B2A847281}.AppStore|iPhoneSimulator.Deploy.0 = Release|x86
		{CE33645C-5E3A-454F-B64E-DB6B2A847281}.AppStore|x64.ActiveCfg = Release|x64
		{CE33645C-5E3A-454F-B64E-DB6B2A847281}.AppStore|x64.Build.0 = Release|x64
		{CE33645C-5E3A-454F-B64E-DB6B2A847281}.AppStore|x64.Deploy.0 = Release|x64
		{CE33645C-5E3A-454F-B64E-DB6B2A847281}.AppStore|x86.ActiveCfg = Release|x86
		{CE33645C-5E3A-454F-B64E-DB6B2A847281}.AppStore|x86.Build.0 = Release|x86
		{CE33645C-5E3A-454F-B64E-DB6B2A847281}.AppStore|x86.Deploy.0 = Release|x86
		{CE33645C-5E3A-454F-B64E-DB6B2A847281}.Debug|Any CPU.ActiveCfg = Debug|x86
		{CE33645C-5E3A-454F-B64E-DB6B2A847281}.Debug|Any CPU.Build.0 = Debug|x86
		{CE33645C-5E3A-454F-B64E-DB6B2A847281}.Debug|Any CPU.Deploy.0 = Debug|x86
		{CE33645C-5E3A-454F-B64E-DB6B2A847281}.Debug|ARM.ActiveCfg = Debug|ARM
		{CE33645C-5E3A-454F-B64E-DB6B2A847281}.Debug|ARM.Build.0 = Debug|ARM
		{CE33645C-5E3A-454F-B64E-DB6B2A847281}.Debug|ARM.Deploy.0 = Debug|ARM
		{CE33645C-5E3A-454F-B64E-DB6B2A847281}.Debug|iPhone.ActiveCfg = Debug|x86
		{CE33645C-5E3A-454F-B64E-DB6B2A847281}.Debug|iPhoneSimulator.ActiveCfg = Debug|x86
		{CE33645C-5E3A-454F-B64E-DB6B2A847281}.Debug|x64.ActiveCfg = Debug|x64
		{CE33645C-5E3A-454F-B64E-DB6B2A847281}.Debug|x64.Build.0 = Debug|x64
		{CE33645C-5E3A-454F-B64E-DB6B2A847281}.Debug|x64.Deploy.0 = Debug|x64
		{CE33645C-5E3A-454F-B64E-DB6B2A847281}.Debug|x86.ActiveCfg = Debug|x86
		{CE33645C-5E3A-454F-B64E-DB6B2A847281}.Debug|x86.Build.0 = Debug|x86
		{CE33645C-5E3A-454F-B64E-DB6B2A847281}.Debug|x86.Deploy.0 = Debug|x86
		{CE33645C-5E3A-454F-B64E-DB6B2A847281}.Release|Any CPU.ActiveCfg = Release|x86
		{CE33645C-5E3A-454F-B64E-DB6B2A847281}.Release|ARM.ActiveCfg = Release|ARM
		{CE33645C-5E3A-454F-B64E-DB6B2A847281}.Release|ARM.Build.0 = Release|ARM
		{CE33645C-5E3A-454F-B64E-DB6B2A847281}.Release|ARM.Deploy.0 = Release|ARM
		{CE33645C-5E3A-454F-B64E-DB6B2A847281}.Release|iPhone.ActiveCfg = Release|x86
		{CE33645C-5E3A-454F-B64E-DB6B2A847281}.Release|iPhoneSimulator.ActiveCfg = Release|x86
		{CE33645C-5E3A-454F-B64E-DB6B2A847281}.Release|x64.ActiveCfg = Release|x64
		{CE33645C-5E3A-454F-B64E-DB6B2A847281}.Release|x64.Build.0 = Release|x64
		{CE33645C-5E3A-454F-B64E-DB6B2A847281}.Release|x64.Deploy.0 = Release|x64
		{CE33645C-5E3A-454F-B64E-DB6B2A847281}.Release|x86.ActiveCfg = Release|x86
		{CE33645C-5E3A-454F-B64E-DB6B2A847281}.Release|x86.Build.0 = Release|x86
		{CE33645C-5E3A-454F-B64E-DB6B2A847281}.Release|x86.Deploy.0 = Release|x86
		{3FF1213B-154B-489D-9534-AD3BF13832D2}.Ad-Hoc|Any CPU.ActiveCfg = Release|Any CPU
		{3FF1213B-154B-489D-9534-AD3BF13832D2}.Ad-Hoc|Any CPU.Build.0 = Release|Any CPU
		{3FF1213B-154B-489D-9534-AD3BF13832D2}.Ad-Hoc|Any CPU.Deploy.0 = Release|Any CPU
		{3FF1213B-154B-489D-9534-AD3BF13832D2}.Ad-Hoc|ARM.ActiveCfg = Release|ARM
		{3FF1213B-154B-489D-9534-AD3BF13832D2}.Ad-Hoc|ARM.Build.0 = Release|ARM
		{3FF1213B-154B-489D-9534-AD3BF13832D2}.Ad-Hoc|ARM.Deploy.0 = Release|ARM
		{3FF1213B-154B-489D-9534-AD3BF13832D2}.Ad-Hoc|iPhone.ActiveCfg = Release|Any CPU
		{3FF1213B-154B-489D-9534-AD3BF13832D2}.Ad-Hoc|iPhone.Build.0 = Release|Any CPU
		{3FF1213B-154B-489D-9534-AD3BF13832D2}.Ad-Hoc|iPhone.Deploy.0 = Release|Any CPU
		{3FF1213B-154B-489D-9534-AD3BF13832D2}.Ad-Hoc|iPhoneSimulator.ActiveCfg = Release|Any CPU
		{3FF1213B-154B-489D-9534-AD3BF13832D2}.Ad-Hoc|iPhoneSimulator.Build.0 = Release|Any CPU
		{3FF1213B-154B-489D-9534-AD3BF13832D2}.Ad-Hoc|iPhoneSimulator.Deploy.0 = Release|Any CPU
		{3FF1213B-154B-489D-9534-AD3BF13832D2}.Ad-Hoc|x64.ActiveCfg = Release|x64
		{3FF1213B-154B-489D-9534-AD3BF13832D2}.Ad-Hoc|x64.Build.0 = Release|x64
		{3FF1213B-154B-489D-9534-AD3BF13832D2}.Ad-Hoc|x64.Deploy.0 = Release|x64
		{3FF1213B-154B-489D-9534-AD3BF13832D2}.Ad-Hoc|x86.ActiveCfg = Release|x86
		{3FF1213B-154B-489D-9534-AD3BF13832D2}.Ad-Hoc|x86.Build.0 = Release|x86
		{3FF1213B-154B-489D-9534-AD3BF13832D2}.Ad-Hoc|x86.Deploy.0 = Release|x86
		{3FF1213B-154B-489D-9534-AD3BF13832D2}.AppStore|Any CPU.ActiveCfg = Release|Any CPU
		{3FF1213B-154B-489D-9534-AD3BF13832D2}.AppStore|Any CPU.Build.0 = Release|Any CPU
		{3FF1213B-154B-489D-9534-AD3BF13832D2}.AppStore|Any CPU.Deploy.0 = Release|Any CPU
		{3FF1213B-154B-489D-9534-AD3BF13832D2}.AppStore|ARM.ActiveCfg = Release|ARM
		{3FF1213B-154B-489D-9534-AD3BF13832D2}.AppStore|ARM.Build.0 = Release|ARM
		{3FF1213B-154B-489D-9534-AD3BF13832D2}.AppStore|ARM.Deploy.0 = Release|ARM
		{3FF1213B-154B-489D-9534-AD3BF13832D2}.AppStore|iPhone.ActiveCfg = Release|Any CPU
		{3FF1213B-154B-489D-9534-AD3BF13832D2}.AppStore|iPhone.Build.0 = Release|Any CPU
		{3FF1213B-154B-489D-9534-AD3BF13832D2}.AppStore|iPhone.Deploy.0 = Release|Any CPU
		{3FF1213B-154B-489D-9534-AD3BF13832D2}.AppStore|iPhoneSimulator.ActiveCfg = Release|Any CPU
		{3FF1213B-154B-489D-9534-AD3BF13832D2}.AppStore|iPhoneSimulator.Build.0 = Release|Any CPU
		{3FF1213B-154B-489D-9534-AD3BF13832D2}.AppStore|iPhoneSimulator.Deploy.0 = Release|Any CPU
		{3FF1213B-154B-489D-9534-AD3BF13832D2}.AppStore|x64.ActiveCfg = Release|x64
		{3FF1213B-154B-489D-9534-AD3BF13832D2}.AppStore|x64.Build.0 = Release|x64
		{3FF1213B-154B-489D-9534-AD3BF13832D2}.AppStore|x64.Deploy.0 = Release|x64
		{3FF1213B-154B-489D-9534-AD3BF13832D2}.AppStore|x86.ActiveCfg = Release|x86
		{3FF1213B-154B-489D-9534-AD3BF13832D2}.AppStore|x86.Build.0 = Release|x86
		{3FF1213B-154B-489D-9534-AD3BF13832D2}.AppStore|x86.Deploy.0 = Release|x86
		{3FF1213B-154B-489D-9534-AD3BF13832D2}.Debug|Any CPU.ActiveCfg = Debug|Any CPU
		{3FF1213B-154B-489D-9534-AD3BF13832D2}.Debug|Any CPU.Build.0 = Debug|Any CPU
		{3FF1213B-154B-489D-9534-AD3BF13832D2}.Debug|Any CPU.Deploy.0 = Debug|Any CPU
		{3FF1213B-154B-489D-9534-AD3BF13832D2}.Debug|ARM.ActiveCfg = Debug|ARM
		{3FF1213B-154B-489D-9534-AD3BF13832D2}.Debug|ARM.Build.0 = Debug|ARM
		{3FF1213B-154B-489D-9534-AD3BF13832D2}.Debug|ARM.Deploy.0 = Debug|ARM
		{3FF1213B-154B-489D-9534-AD3BF13832D2}.Debug|iPhone.ActiveCfg = Debug|Any CPU
		{3FF1213B-154B-489D-9534-AD3BF13832D2}.Debug|iPhone.Build.0 = Debug|Any CPU
		{3FF1213B-154B-489D-9534-AD3BF13832D2}.Debug|iPhone.Deploy.0 = Debug|Any CPU
		{3FF1213B-154B-489D-9534-AD3BF13832D2}.Debug|iPhoneSimulator.ActiveCfg = Debug|Any CPU
		{3FF1213B-154B-489D-9534-AD3BF13832D2}.Debug|iPhoneSimulator.Build.0 = Debug|Any CPU
		{3FF1213B-154B-489D-9534-AD3BF13832D2}.Debug|iPhoneSimulator.Deploy.0 = Debug|Any CPU
		{3FF1213B-154B-489D-9534-AD3BF13832D2}.Debug|x64.ActiveCfg = Debug|x64
		{3FF1213B-154B-489D-9534-AD3BF13832D2}.Debug|x64.Build.0 = Debug|x64
		{3FF1213B-154B-489D-9534-AD3BF13832D2}.Debug|x64.Deploy.0 = Debug|x64
		{3FF1213B-154B-489D-9534-AD3BF13832D2}.Debug|x86.ActiveCfg = Debug|x86
		{3FF1213B-154B-489D-9534-AD3BF13832D2}.Debug|x86.Build.0 = Debug|x86
		{3FF1213B-154B-489D-9534-AD3BF13832D2}.Debug|x86.Deploy.0 = Debug|x86
		{3FF1213B-154B-489D-9534-AD3BF13832D2}.Release|Any CPU.ActiveCfg = Release|Any CPU
		{3FF1213B-154B-489D-9534-AD3BF13832D2}.Release|Any CPU.Build.0 = Release|Any CPU
		{3FF1213B-154B-489D-9534-AD3BF13832D2}.Release|Any CPU.Deploy.0 = Release|Any CPU
		{3FF1213B-154B-489D-9534-AD3BF13832D2}.Release|ARM.ActiveCfg = Release|ARM
		{3FF1213B-154B-489D-9534-AD3BF13832D2}.Release|ARM.Build.0 = Release|ARM
		{3FF1213B-154B-489D-9534-AD3BF13832D2}.Release|ARM.Deploy.0 = Release|ARM
		{3FF1213B-154B-489D-9534-AD3BF13832D2}.Release|iPhone.ActiveCfg = Release|Any CPU
		{3FF1213B-154B-489D-9534-AD3BF13832D2}.Release|iPhone.Build.0 = Release|Any CPU
		{3FF1213B-154B-489D-9534-AD3BF13832D2}.Release|iPhone.Deploy.0 = Release|Any CPU
		{3FF1213B-154B-489D-9534-AD3BF13832D2}.Release|iPhoneSimulator.ActiveCfg = Release|Any CPU
		{3FF1213B-154B-489D-9534-AD3BF13832D2}.Release|iPhoneSimulator.Build.0 = Release|Any CPU
		{3FF1213B-154B-489D-9534-AD3BF13832D2}.Release|iPhoneSimulator.Deploy.0 = Release|Any CPU
		{3FF1213B-154B-489D-9534-AD3BF13832D2}.Release|x64.ActiveCfg = Release|x64
		{3FF1213B-154B-489D-9534-AD3BF13832D2}.Release|x64.Build.0 = Release|x64
		{3FF1213B-154B-489D-9534-AD3BF13832D2}.Release|x64.Deploy.0 = Release|x64
		{3FF1213B-154B-489D-9534-AD3BF13832D2}.Release|x86.ActiveCfg = Release|x86
		{3FF1213B-154B-489D-9534-AD3BF13832D2}.Release|x86.Build.0 = Release|x86
		{3FF1213B-154B-489D-9534-AD3BF13832D2}.Release|x86.Deploy.0 = Release|x86
		{0B5754EA-42F9-489B-B8F9-D224A0A7C477}.Ad-Hoc|Any CPU.ActiveCfg = Release|Any CPU
		{0B5754EA-42F9-489B-B8F9-D224A0A7C477}.Ad-Hoc|Any CPU.Build.0 = Release|Any CPU
		{0B5754EA-42F9-489B-B8F9-D224A0A7C477}.Ad-Hoc|ARM.ActiveCfg = Release|Any CPU
		{0B5754EA-42F9-489B-B8F9-D224A0A7C477}.Ad-Hoc|ARM.Build.0 = Release|Any CPU
		{0B5754EA-42F9-489B-B8F9-D224A0A7C477}.Ad-Hoc|iPhone.ActiveCfg = Release|Any CPU
		{0B5754EA-42F9-489B-B8F9-D224A0A7C477}.Ad-Hoc|iPhone.Build.0 = Release|Any CPU
		{0B5754EA-42F9-489B-B8F9-D224A0A7C477}.Ad-Hoc|iPhoneSimulator.ActiveCfg = Release|Any CPU
		{0B5754EA-42F9-489B-B8F9-D224A0A7C477}.Ad-Hoc|iPhoneSimulator.Build.0 = Release|Any CPU
		{0B5754EA-42F9-489B-B8F9-D224A0A7C477}.Ad-Hoc|x64.ActiveCfg = Release|Any CPU
		{0B5754EA-42F9-489B-B8F9-D224A0A7C477}.Ad-Hoc|x64.Build.0 = Release|Any CPU
		{0B5754EA-42F9-489B-B8F9-D224A0A7C477}.Ad-Hoc|x86.ActiveCfg = Release|Any CPU
		{0B5754EA-42F9-489B-B8F9-D224A0A7C477}.Ad-Hoc|x86.Build.0 = Release|Any CPU
		{0B5754EA-42F9-489B-B8F9-D224A0A7C477}.AppStore|Any CPU.ActiveCfg = Release|Any CPU
		{0B5754EA-42F9-489B-B8F9-D224A0A7C477}.AppStore|Any CPU.Build.0 = Release|Any CPU
		{0B5754EA-42F9-489B-B8F9-D224A0A7C477}.AppStore|ARM.ActiveCfg = Release|Any CPU
		{0B5754EA-42F9-489B-B8F9-D224A0A7C477}.AppStore|ARM.Build.0 = Release|Any CPU
		{0B5754EA-42F9-489B-B8F9-D224A0A7C477}.AppStore|iPhone.ActiveCfg = Release|Any CPU
		{0B5754EA-42F9-489B-B8F9-D224A0A7C477}.AppStore|iPhone.Build.0 = Release|Any CPU
		{0B5754EA-42F9-489B-B8F9-D224A0A7C477}.AppStore|iPhoneSimulator.ActiveCfg = Release|Any CPU
		{0B5754EA-42F9-489B-B8F9-D224A0A7C477}.AppStore|iPhoneSimulator.Build.0 = Release|Any CPU
		{0B5754EA-42F9-489B-B8F9-D224A0A7C477}.AppStore|x64.ActiveCfg = Release|Any CPU
		{0B5754EA-42F9-489B-B8F9-D224A0A7C477}.AppStore|x64.Build.0 = Release|Any CPU
		{0B5754EA-42F9-489B-B8F9-D224A0A7C477}.AppStore|x86.ActiveCfg = Release|Any CPU
		{0B5754EA-42F9-489B-B8F9-D224A0A7C477}.AppStore|x86.Build.0 = Release|Any CPU
		{0B5754EA-42F9-489B-B8F9-D224A0A7C477}.Debug|Any CPU.ActiveCfg = Debug|Any CPU
		{0B5754EA-42F9-489B-B8F9-D224A0A7C477}.Debug|Any CPU.Build.0 = Debug|Any CPU
		{0B5754EA-42F9-489B-B8F9-D224A0A7C477}.Debug|ARM.ActiveCfg = Debug|Any CPU
		{0B5754EA-42F9-489B-B8F9-D224A0A7C477}.Debug|ARM.Build.0 = Debug|Any CPU
		{0B5754EA-42F9-489B-B8F9-D224A0A7C477}.Debug|iPhone.ActiveCfg = Debug|Any CPU
		{0B5754EA-42F9-489B-B8F9-D224A0A7C477}.Debug|iPhone.Build.0 = Debug|Any CPU
		{0B5754EA-42F9-489B-B8F9-D224A0A7C477}.Debug|iPhoneSimulator.ActiveCfg = Debug|Any CPU
		{0B5754EA-42F9-489B-B8F9-D224A0A7C477}.Debug|iPhoneSimulator.Build.0 = Debug|Any CPU
		{0B5754EA-42F9-489B-B8F9-D224A0A7C477}.Debug|x64.ActiveCfg = Debug|Any CPU
		{0B5754EA-42F9-489B-B8F9-D224A0A7C477}.Debug|x64.Build.0 = Debug|Any CPU
		{0B5754EA-42F9-489B-B8F9-D224A0A7C477}.Debug|x86.ActiveCfg = Debug|Any CPU
		{0B5754EA-42F9-489B-B8F9-D224A0A7C477}.Debug|x86.Build.0 = Debug|Any CPU
		{0B5754EA-42F9-489B-B8F9-D224A0A7C477}.Release|Any CPU.ActiveCfg = Release|Any CPU
		{0B5754EA-42F9-489B-B8F9-D224A0A7C477}.Release|Any CPU.Build.0 = Release|Any CPU
		{0B5754EA-42F9-489B-B8F9-D224A0A7C477}.Release|ARM.ActiveCfg = Release|Any CPU
		{0B5754EA-42F9-489B-B8F9-D224A0A7C477}.Release|ARM.Build.0 = Release|Any CPU
		{0B5754EA-42F9-489B-B8F9-D224A0A7C477}.Release|iPhone.ActiveCfg = Release|Any CPU
		{0B5754EA-42F9-489B-B8F9-D224A0A7C477}.Release|iPhone.Build.0 = Release|Any CPU
		{0B5754EA-42F9-489B-B8F9-D224A0A7C477}.Release|iPhoneSimulator.ActiveCfg = Release|Any CPU
		{0B5754EA-42F9-489B-B8F9-D224A0A7C477}.Release|iPhoneSimulator.Build.0 = Release|Any CPU
		{0B5754EA-42F9-489B-B8F9-D224A0A7C477}.Release|x64.ActiveCfg = Release|Any CPU
		{0B5754EA-42F9-489B-B8F9-D224A0A7C477}.Release|x64.Build.0 = Release|Any CPU
		{0B5754EA-42F9-489B-B8F9-D224A0A7C477}.Release|x86.ActiveCfg = Release|Any CPU
		{0B5754EA-42F9-489B-B8F9-D224A0A7C477}.Release|x86.Build.0 = Release|Any CPU
	EndGlobalSection
	GlobalSection(SolutionProperties) = preSolution
		HideSolutionNode = FALSE
	EndGlobalSection
EndGlobal
